
Microsoft Visual Studio Solution File, Format Version 11.00
# Visual Studio 2010
Project("{FAE04EC0-301F-11D3-BF4B-00C04F79EFBC}") = "RTEDemo", "RTEDemo\RTEDemo.csproj", "{E2798BE2-821B-4D48-96B9-C2FD5F902E73}"
EndProject
Global
	GlobalSection(SolutionConfigurationPlatforms) = preSolution
		Debug|Any CPU = Debug|Any CPU
		Release|Any CPU = Release|Any CPU
	EndGlobalSection
	GlobalSection(ProjectConfigurationPlatforms) = postSolution
		{E2798BE2-821B-4D48-96B9-C2FD5F902E73}.Debug|Any CPU.ActiveCfg = Debug|Any CPU
		{E2798BE2-821B-4D48-96B9-C2FD5F902E73}.Debug|Any CPU.Build.0 = Debug|Any CPU
		{E2798BE2-821B-4D48-96B9-C2FD5F902E73}.Release|Any CPU.ActiveCfg = Release|Any CPU
		{E2798BE2-821B-4D48-96B9-C2FD5F902E73}.Release|Any CPU.Build.0 = Release|Any CPU
	EndGlobalSection
	GlobalSection(SolutionProperties) = preSolution
		HideSolutionNode = FALSE
	EndGlobalSection
EndGlobal
